
Microsoft Visual Studio Solution File, Format Version 12.00
# Visual Studio Version 17
VisualStudioVersion = 17.3.32922.545
MinimumVisualStudioVersion = 10.0.40219.1
Project("{FAE04EC0-301F-11D3-BF4B-00C04F79EFBC}") = "PR333", "PR333\PR333.csproj", "{AFE78517-DAA7-40BE-BDDD-D4F05C6F949A}"
EndProject
Global
	GlobalSection(SolutionConfigurationPlatforms) = preSolution
		Debug|Any CPU = Debug|Any CPU
		Release|Any CPU = Release|Any CPU
	EndGlobalSection
	GlobalSection(ProjectConfigurationPlatforms) = postSolution
		{AFE78517-DAA7-40BE-BDDD-D4F05C6F949A}.Debug|Any CPU.ActiveCfg = Debug|Any CPU
		{AFE78517-DAA7-40BE-BDDD-D4F05C6F949A}.Debug|Any CPU.Build.0 = Debug|Any CPU
		{AFE78517-DAA7-40BE-BDDD-D4F05C6F949A}.Release|Any CPU.ActiveCfg = Release|Any CPU
		{AFE78517-DAA7-40BE-BDDD-D4F05C6F949A}.Release|Any CPU.Build.0 = Release|Any CPU
	EndGlobalSection
	GlobalSection(SolutionProperties) = preSolution
		HideSolutionNode = FALSE
	EndGlobalSection
	GlobalSection(ExtensibilityGlobals) = postSolution
		SolutionGuid = {0B66B886-EAE4-440B-8C41-5611F0933454}
	EndGlobalSection
EndGlobal
